
Microsoft Visual Studio Solution File, Format Version 12.00
# Visual Studio Version 17
VisualStudioVersion = 17.9.34728.123
MinimumVisualStudioVersion = 10.0.40219.1
Project("{9A19103F-16F7-4668-BE54-9A1E7A4F7556}") = "LLM_API", "LLM_API\LLM_API.csproj", "{B8B3D8EA-CBD8-4565-989F-95799BFB3ABA}"
	ProjectSection(ProjectDependencies) = postProject
		{0762DCCE-3157-495E-A98B-4D3EF03A1F3D} = {0762DCCE-3157-495E-A98B-4D3EF03A1F3D}
	EndProjectSection
EndProject
Project("{9A19103F-16F7-4668-BE54-9A1E7A4F7556}") = "LLM_API.Service", "LLM_API.Service\LLM_API.Service.csproj", "{0762DCCE-3157-495E-A98B-4D3EF03A1F3D}"
EndProject
Global
	GlobalSection(SolutionConfigurationPlatforms) = preSolution
		Debug|Any CPU = Debug|Any CPU
		Release|Any CPU = Release|Any CPU
	EndGlobalSection
	GlobalSection(ProjectConfigurationPlatforms) = postSolution
		{B8B3D8EA-CBD8-4565-989F-95799BFB3ABA}.Debug|Any CPU.ActiveCfg = Debug|Any CPU
		{B8B3D8EA-CBD8-4565-989F-95799BFB3ABA}.Debug|Any CPU.Build.0 = Debug|Any CPU
		{B8B3D8EA-CBD8-4565-989F-95799BFB3ABA}.Release|Any CPU.ActiveCfg = Release|Any CPU
		{B8B3D8EA-CBD8-4565-989F-95799BFB3ABA}.Release|Any CPU.Build.0 = Release|Any CPU
		{0762DCCE-3157-495E-A98B-4D3EF03A1F3D}.Debug|Any CPU.ActiveCfg = Debug|Any CPU
		{0762DCCE-3157-495E-A98B-4D3EF03A1F3D}.Debug|Any CPU.Build.0 = Debug|Any CPU
		{0762DCCE-3157-495E-A98B-4D3EF03A1F3D}.Release|Any CPU.ActiveCfg = Release|Any CPU
		{0762DCCE-3157-495E-A98B-4D3EF03A1F3D}.Release|Any CPU.Build.0 = Release|Any CPU
	EndGlobalSection
	GlobalSection(SolutionProperties) = preSolution
		HideSolutionNode = FALSE
	EndGlobalSection
	GlobalSection(ExtensibilityGlobals) = postSolution
		SolutionGuid = {630B4AB7-7A4B-4679-8457-CC3A9A90F57A}
	EndGlobalSection
EndGlobal
